<Solution>
  <Project Path="AdressesProject/AdressesProject.vbproj" Id="dec29add-a3c9-4cb8-811a-10bd0b4dfce0" />
  <Project Path="BuildAndApartmentCompoent/BuildAndApartmentCompoent.vbproj" Id="c35dee32-34e0-4451-8fa0-2619accbf616" />
  <Project Path="ContactsProject/ContactsProject.vbproj" Id="36680a83-8dac-424b-b951-62c243c72bec" />
  <Project Path="DiplomataProject/DiplomataProject.vbproj" Id="da08d8b3-2ebe-4460-b094-23219999c21a" />
  <Project Path="Economy/Economy.vbproj" Id="1c044c67-2813-4ab7-a469-3458920ebfc3" />
  <Project Path="FamilyProject/FamilyProject.vbproj" Id="9d148d1b-473c-44e6-b21a-be379073ee49" />
  <Project Path="LifeManager/LifeManager.vbproj" Id="ec3a11fc-7b26-4490-99ef-c56ff3d6eadf" />
  <Project Path="LoginPersonComponent/AccountComponent.vbproj" Id="25e1724b-792d-477e-b2f5-74ba54d9875f" />
  <Project Path="LoginProject/LoginProject.vbproj" Id="93646ac7-dd23-4e28-8529-924140fd7036" />
  <Project Path="MyBook/MyBook.vbproj" Id="966b3a01-e481-4d41-8797-9a4338c10767" />
  <Project Path="PersonProject/PersonProject.vbproj" Id="f442e2ac-4818-40b5-8d6d-f03ad0cca734" />
  <Project Path="RelationShipComponent/RelationShipComponent.vbproj" Id="d8bfab64-d74d-44dd-a5d5-0e5241bd2784" />
  <Project Path="testing/testing.vbproj" Id="a5db107b-7b05-48d6-b220-1dc1103f5a85" />
</Solution>